// !$*UTF8*$!
{
	archiveVersion = 1;
	classes = {
	};
	objectVersion = 55;
	objects = {

/* Begin PBXBuildFile section */
		6D387C142771A48400FA5356 /* AppDelegate.swift in Sources */ = {isa = PBXBuildFile; fileRef = 6D387C132771A48400FA5356 /* AppDelegate.swift */; };
		6D387C162771A48400FA5356 /* SceneDelegate.swift in Sources */ = {isa = PBXBuildFile; fileRef = 6D387C152771A48400FA5356 /* SceneDelegate.swift */; };
		6D387C182771A48400FA5356 /* HomeViewController.swift in Sources */ = {isa = PBXBuildFile; fileRef = 6D387C172771A48400FA5356 /* HomeViewController.swift */; };
		6D387C1D2771A48500FA5356 /* Assets.xcassets in Resources */ = {isa = PBXBuildFile; fileRef = 6D387C1C2771A48500FA5356 /* Assets.xcassets */; };
		6D387C202771A48500FA5356 /* LaunchScreen.storyboard in Resources */ = {isa = PBXBuildFile; fileRef = 6D387C1E2771A48500FA5356 /* LaunchScreen.storyboard */; };
		6D387C2B2771A48500FA5356 /* SpotifyTests.swift in Sources */ = {isa = PBXBuildFile; fileRef = 6D387C2A2771A48500FA5356 /* SpotifyTests.swift */; };
		6D387C352771A48500FA5356 /* SpotifyUITests.swift in Sources */ = {isa = PBXBuildFile; fileRef = 6D387C342771A48500FA5356 /* SpotifyUITests.swift */; };
		6D387C372771A48500FA5356 /* SpotifyUITestsLaunchTests.swift in Sources */ = {isa = PBXBuildFile; fileRef = 6D387C362771A48500FA5356 /* SpotifyUITestsLaunchTests.swift */; };
		6D387C4A2771A6B000FA5356 /* TabBarViewController.swift in Sources */ = {isa = PBXBuildFile; fileRef = 6D387C492771A6B000FA5356 /* TabBarViewController.swift */; };
		6D387C4C2771A70B00FA5356 /* SearchViewController.swift in Sources */ = {isa = PBXBuildFile; fileRef = 6D387C4B2771A70B00FA5356 /* SearchViewController.swift */; };
		6D387C4E2771A73100FA5356 /* LibraryViewController.swift in Sources */ = {isa = PBXBuildFile; fileRef = 6D387C4D2771A73100FA5356 /* LibraryViewController.swift */; };
		6D387C522771A75600FA5356 /* AuthViewController.swift in Sources */ = {isa = PBXBuildFile; fileRef = 6D387C512771A75600FA5356 /* AuthViewController.swift */; };
		6D387C542771A76500FA5356 /* WelcomeViewController.swift in Sources */ = {isa = PBXBuildFile; fileRef = 6D387C532771A76500FA5356 /* WelcomeViewController.swift */; };
		6D387C562771A77800FA5356 /* SettingsViewController.swift in Sources */ = {isa = PBXBuildFile; fileRef = 6D387C552771A77800FA5356 /* SettingsViewController.swift */; };
		6D387C582771A78D00FA5356 /* ProfileViewController.swift in Sources */ = {isa = PBXBuildFile; fileRef = 6D387C572771A78D00FA5356 /* ProfileViewController.swift */; };
		6D387C5A2771A79B00FA5356 /* PlayerViewController.swift in Sources */ = {isa = PBXBuildFile; fileRef = 6D387C592771A79B00FA5356 /* PlayerViewController.swift */; };
		6D387C5C2771A7AB00FA5356 /* PlaylistViewController.swift in Sources */ = {isa = PBXBuildFile; fileRef = 6D387C5B2771A7AB00FA5356 /* PlaylistViewController.swift */; };
		6D387C5E2771A7BA00FA5356 /* SearchResultsViewController.swift in Sources */ = {isa = PBXBuildFile; fileRef = 6D387C5D2771A7BA00FA5356 /* SearchResultsViewController.swift */; };
		6D387C602771A7E600FA5356 /* AuthManager.swift in Sources */ = {isa = PBXBuildFile; fileRef = 6D387C5F2771A7E600FA5356 /* AuthManager.swift */; };
		6D387C622771A80100FA5356 /* APIManager.swift in Sources */ = {isa = PBXBuildFile; fileRef = 6D387C612771A80100FA5356 /* APIManager.swift */; };
		6D387C642771A80B00FA5356 /* HaptictsManager.swift in Sources */ = {isa = PBXBuildFile; fileRef = 6D387C632771A80B00FA5356 /* HaptictsManager.swift */; };
		6D387C662771A82900FA5356 /* Playlist.swift in Sources */ = {isa = PBXBuildFile; fileRef = 6D387C652771A82900FA5356 /* Playlist.swift */; };
		6D387C682771A83D00FA5356 /* AudioTrack.swift in Sources */ = {isa = PBXBuildFile; fileRef = 6D387C672771A83D00FA5356 /* AudioTrack.swift */; };
		6D387C6A2771A84C00FA5356 /* Artist.swift in Sources */ = {isa = PBXBuildFile; fileRef = 6D387C692771A84C00FA5356 /* Artist.swift */; };
		6D387C6C2771A85C00FA5356 /* UserProfile.swift in Sources */ = {isa = PBXBuildFile; fileRef = 6D387C6B2771A85C00FA5356 /* UserProfile.swift */; };
/* End PBXBuildFile section */

/* Begin PBXContainerItemProxy section */
		6D387C272771A48500FA5356 /* PBXContainerItemProxy */ = {
			isa = PBXContainerItemProxy;
			containerPortal = 6D387C082771A48400FA5356 /* Project object */;
			proxyType = 1;
			remoteGlobalIDString = 6D387C0F2771A48400FA5356;
			remoteInfo = Spotify;
		};
		6D387C312771A48500FA5356 /* PBXContainerItemProxy */ = {
			isa = PBXContainerItemProxy;
			containerPortal = 6D387C082771A48400FA5356 /* Project object */;
			proxyType = 1;
			remoteGlobalIDString = 6D387C0F2771A48400FA5356;
			remoteInfo = Spotify;
		};
/* End PBXContainerItemProxy section */

/* Begin PBXFileReference section */
		6D387C102771A48400FA5356 /* Spotify.app */ = {isa = PBXFileReference; explicitFileType = wrapper.application; includeInIndex = 0; path = Spotify.app; sourceTree = BUILT_PRODUCTS_DIR; };
		6D387C132771A48400FA5356 /* AppDelegate.swift */ = {isa = PBXFileReference; lastKnownFileType = sourcecode.swift; path = AppDelegate.swift; sourceTree = "<group>"; };
		6D387C152771A48400FA5356 /* SceneDelegate.swift */ = {isa = PBXFileReference; lastKnownFileType = sourcecode.swift; path = SceneDelegate.swift; sourceTree = "<group>"; };
		6D387C172771A48400FA5356 /* HomeViewController.swift */ = {isa = PBXFileReference; lastKnownFileType = sourcecode.swift; path = HomeViewController.swift; sourceTree = "<group>"; };
		6D387C1C2771A48500FA5356 /* Assets.xcassets */ = {isa = PBXFileReference; lastKnownFileType = folder.assetcatalog; path = Assets.xcassets; sourceTree = "<group>"; };
		6D387C1F2771A48500FA5356 /* Base */ = {isa = PBXFileReference; lastKnownFileType = file.storyboard; name = Base; path = Base.lproj/LaunchScreen.storyboard; sourceTree = "<group>"; };
		6D387C212771A48500FA5356 /* Info.plist */ = {isa = PBXFileReference; lastKnownFileType = text.plist.xml; path = Info.plist; sourceTree = "<group>"; };
		6D387C262771A48500FA5356 /* SpotifyTests.xctest */ = {isa = PBXFileReference; explicitFileType = wrapper.cfbundle; includeInIndex = 0; path = SpotifyTests.xctest; sourceTree = BUILT_PRODUCTS_DIR; };
		6D387C2A2771A48500FA5356 /* SpotifyTests.swift */ = {isa = PBXFileReference; lastKnownFileType = sourcecode.swift; path = SpotifyTests.swift; sourceTree = "<group>"; };
		6D387C302771A48500FA5356 /* SpotifyUITests.xctest */ = {isa = PBXFileReference; explicitFileType = wrapper.cfbundle; includeInIndex = 0; path = SpotifyUITests.xctest; sourceTree = BUILT_PRODUCTS_DIR; };
		6D387C342771A48500FA5356 /* SpotifyUITests.swift */ = {isa = PBXFileReference; lastKnownFileType = sourcecode.swift; path = SpotifyUITests.swift; sourceTree = "<group>"; };
		6D387C362771A48500FA5356 /* SpotifyUITestsLaunchTests.swift */ = {isa = PBXFileReference; lastKnownFileType = sourcecode.swift; path = SpotifyUITestsLaunchTests.swift; sourceTree = "<group>"; };
		6D387C492771A6B000FA5356 /* TabBarViewController.swift */ = {isa = PBXFileReference; lastKnownFileType = sourcecode.swift; path = TabBarViewController.swift; sourceTree = "<group>"; };
		6D387C4B2771A70B00FA5356 /* SearchViewController.swift */ = {isa = PBXFileReference; lastKnownFileType = sourcecode.swift; path = SearchViewController.swift; sourceTree = "<group>"; };
		6D387C4D2771A73100FA5356 /* LibraryViewController.swift */ = {isa = PBXFileReference; lastKnownFileType = sourcecode.swift; path = LibraryViewController.swift; sourceTree = "<group>"; };
		6D387C512771A75600FA5356 /* AuthViewController.swift */ = {isa = PBXFileReference; lastKnownFileType = sourcecode.swift; path = AuthViewController.swift; sourceTree = "<group>"; };
		6D387C532771A76500FA5356 /* WelcomeViewController.swift */ = {isa = PBXFileReference; lastKnownFileType = sourcecode.swift; path = WelcomeViewController.swift; sourceTree = "<group>"; };
		6D387C552771A77800FA5356 /* SettingsViewController.swift */ = {isa = PBXFileReference; lastKnownFileType = sourcecode.swift; path = SettingsViewController.swift; sourceTree = "<group>"; };
		6D387C572771A78D00FA5356 /* ProfileViewController.swift */ = {isa = PBXFileReference; lastKnownFileType = sourcecode.swift; path = ProfileViewController.swift; sourceTree = "<group>"; };
		6D387C592771A79B00FA5356 /* PlayerViewController.swift */ = {isa = PBXFileReference; lastKnownFileType = sourcecode.swift; path = PlayerViewController.swift; sourceTree = "<group>"; };
		6D387C5B2771A7AB00FA5356 /* PlaylistViewController.swift */ = {isa = PBXFileReference; lastKnownFileType = sourcecode.swift; path = PlaylistViewController.swift; sourceTree = "<group>"; };
		6D387C5D2771A7BA00FA5356 /* SearchResultsViewController.swift */ = {isa = PBXFileReference; lastKnownFileType = sourcecode.swift; path = SearchResultsViewController.swift; sourceTree = "<group>"; };
		6D387C5F2771A7E600FA5356 /* AuthManager.swift */ = {isa = PBXFileReference; lastKnownFileType = sourcecode.swift; path = AuthManager.swift; sourceTree = "<group>"; };
		6D387C612771A80100FA5356 /* APIManager.swift */ = {isa = PBXFileReference; lastKnownFileType = sourcecode.swift; path = APIManager.swift; sourceTree = "<group>"; };
		6D387C632771A80B00FA5356 /* HaptictsManager.swift */ = {isa = PBXFileReference; lastKnownFileType = sourcecode.swift; path = HaptictsManager.swift; sourceTree = "<group>"; };
		6D387C652771A82900FA5356 /* Playlist.swift */ = {isa = PBXFileReference; lastKnownFileType = sourcecode.swift; path = Playlist.swift; sourceTree = "<group>"; };
		6D387C672771A83D00FA5356 /* AudioTrack.swift */ = {isa = PBXFileReference; lastKnownFileType = sourcecode.swift; path = AudioTrack.swift; sourceTree = "<group>"; };
		6D387C692771A84C00FA5356 /* Artist.swift */ = {isa = PBXFileReference; lastKnownFileType = sourcecode.swift; path = Artist.swift; sourceTree = "<group>"; };
		6D387C6B2771A85C00FA5356 /* UserProfile.swift */ = {isa = PBXFileReference; lastKnownFileType = sourcecode.swift; path = UserProfile.swift; sourceTree = "<group>"; };
/* End PBXFileReference section */

/* Begin PBXFrameworksBuildPhase section */
		6D387C0D2771A48400FA5356 /* Frameworks */ = {
			isa = PBXFrameworksBuildPhase;
			buildActionMask = 2147483647;
			files = (
			);
			runOnlyForDeploymentPostprocessing = 0;
		};
		6D387C232771A48500FA5356 /* Frameworks */ = {
			isa = PBXFrameworksBuildPhase;
			buildActionMask = 2147483647;
			files = (
			);
			runOnlyForDeploymentPostprocessing = 0;
		};
		6D387C2D2771A48500FA5356 /* Frameworks */ = {
			isa = PBXFrameworksBuildPhase;
			buildActionMask = 2147483647;
			files = (
			);
			runOnlyForDeploymentPostprocessing = 0;
		};
/* End PBXFrameworksBuildPhase section */

/* Begin PBXGroup section */
		6D387C072771A48400FA5356 = {
			isa = PBXGroup;
			children = (
				6D387C122771A48400FA5356 /* Spotify */,
				6D387C292771A48500FA5356 /* SpotifyTests */,
				6D387C332771A48500FA5356 /* SpotifyUITests */,
				6D387C112771A48400FA5356 /* Products */,
			);
			sourceTree = "<group>";
		};
		6D387C112771A48400FA5356 /* Products */ = {
			isa = PBXGroup;
			children = (
				6D387C102771A48400FA5356 /* Spotify.app */,
				6D387C262771A48500FA5356 /* SpotifyTests.xctest */,
				6D387C302771A48500FA5356 /* SpotifyUITests.xctest */,
			);
			name = Products;
			sourceTree = "<group>";
		};
		6D387C122771A48400FA5356 /* Spotify */ = {
			isa = PBXGroup;
			children = (
				6D387C482771A4F500FA5356 /* Resources */,
				6D387C472771A4E700FA5356 /* Managers */,
				6D387C462771A4E200FA5356 /* Views */,
				6D387C452771A4CF00FA5356 /* ViewModels */,
				6D387C442771A4C500FA5356 /* Controllers */,
				6D387C432771A4B000FA5356 /* Models */,
				6D387C212771A48500FA5356 /* Info.plist */,
			);
			path = Spotify;
			sourceTree = "<group>";
		};
		6D387C292771A48500FA5356 /* SpotifyTests */ = {
			isa = PBXGroup;
			children = (
				6D387C2A2771A48500FA5356 /* SpotifyTests.swift */,
			);
			path = SpotifyTests;
			sourceTree = "<group>";
		};
		6D387C332771A48500FA5356 /* SpotifyUITests */ = {
			isa = PBXGroup;
			children = (
				6D387C342771A48500FA5356 /* SpotifyUITests.swift */,
				6D387C362771A48500FA5356 /* SpotifyUITestsLaunchTests.swift */,
			);
			path = SpotifyUITests;
			sourceTree = "<group>";
		};
		6D387C432771A4B000FA5356 /* Models */ = {
			isa = PBXGroup;
			children = (
				6D387C652771A82900FA5356 /* Playlist.swift */,
				6D387C672771A83D00FA5356 /* AudioTrack.swift */,
				6D387C692771A84C00FA5356 /* Artist.swift */,
				6D387C6B2771A85C00FA5356 /* UserProfile.swift */,
			);
			path = Models;
			sourceTree = "<group>";
		};
		6D387C442771A4C500FA5356 /* Controllers */ = {
			isa = PBXGroup;
			children = (
				6D387C502771A74300FA5356 /* Other */,
				6D387C4F2771A73900FA5356 /* Core */,
			);
			path = Controllers;
			sourceTree = "<group>";
		};
		6D387C452771A4CF00FA5356 /* ViewModels */ = {
			isa = PBXGroup;
			children = (
			);
			path = ViewModels;
			sourceTree = "<group>";
		};
		6D387C462771A4E200FA5356 /* Views */ = {
			isa = PBXGroup;
			children = (
				6D387C1E2771A48500FA5356 /* LaunchScreen.storyboard */,
			);
			path = Views;
			sourceTree = "<group>";
		};
		6D387C472771A4E700FA5356 /* Managers */ = {
			isa = PBXGroup;
			children = (
				6D387C5F2771A7E600FA5356 /* AuthManager.swift */,
				6D387C612771A80100FA5356 /* APIManager.swift */,
				6D387C632771A80B00FA5356 /* HaptictsManager.swift */,
			);
			path = Managers;
			sourceTree = "<group>";
		};
		6D387C482771A4F500FA5356 /* Resources */ = {
			isa = PBXGroup;
			children = (
				6D387C1C2771A48500FA5356 /* Assets.xcassets */,
				6D387C132771A48400FA5356 /* AppDelegate.swift */,
				6D387C152771A48400FA5356 /* SceneDelegate.swift */,
			);
			path = Resources;
			sourceTree = "<group>";
		};
		6D387C4F2771A73900FA5356 /* Core */ = {
			isa = PBXGroup;
			children = (
				6D387C172771A48400FA5356 /* HomeViewController.swift */,
				6D387C492771A6B000FA5356 /* TabBarViewController.swift */,
				6D387C4B2771A70B00FA5356 /* SearchViewController.swift */,
				6D387C4D2771A73100FA5356 /* LibraryViewController.swift */,
			);
			path = Core;
			sourceTree = "<group>";
		};
		6D387C502771A74300FA5356 /* Other */ = {
			isa = PBXGroup;
			children = (
				6D387C512771A75600FA5356 /* AuthViewController.swift */,
				6D387C532771A76500FA5356 /* WelcomeViewController.swift */,
				6D387C552771A77800FA5356 /* SettingsViewController.swift */,
				6D387C572771A78D00FA5356 /* ProfileViewController.swift */,
				6D387C592771A79B00FA5356 /* PlayerViewController.swift */,
				6D387C5B2771A7AB00FA5356 /* PlaylistViewController.swift */,
				6D387C5D2771A7BA00FA5356 /* SearchResultsViewController.swift */,
			);
			path = Other;
			sourceTree = "<group>";
		};
/* End PBXGroup section */

/* Begin PBXNativeTarget section */
		6D387C0F2771A48400FA5356 /* Spotify */ = {
			isa = PBXNativeTarget;
			buildConfigurationList = 6D387C3A2771A48500FA5356 /* Build configuration list for PBXNativeTarget "Spotify" */;
			buildPhases = (
				6D387C0C2771A48400FA5356 /* Sources */,
				6D387C0D2771A48400FA5356 /* Frameworks */,
				6D387C0E2771A48400FA5356 /* Resources */,
			);
			buildRules = (
			);
			dependencies = (
			);
			name = Spotify;
			productName = Spotify;
			productReference = 6D387C102771A48400FA5356 /* Spotify.app */;
			productType = "com.apple.product-type.application";
		};
		6D387C252771A48500FA5356 /* SpotifyTests */ = {
			isa = PBXNativeTarget;
			buildConfigurationList = 6D387C3D2771A48500FA5356 /* Build configuration list for PBXNativeTarget "SpotifyTests" */;
			buildPhases = (
				6D387C222771A48500FA5356 /* Sources */,
				6D387C232771A48500FA5356 /* Frameworks */,
				6D387C242771A48500FA5356 /* Resources */,
			);
			buildRules = (
			);
			dependencies = (
				6D387C282771A48500FA5356 /* PBXTargetDependency */,
			);
			name = SpotifyTests;
			productName = SpotifyTests;
			productReference = 6D387C262771A48500FA5356 /* SpotifyTests.xctest */;
			productType = "com.apple.product-type.bundle.unit-test";
		};
		6D387C2F2771A48500FA5356 /* SpotifyUITests */ = {
			isa = PBXNativeTarget;
			buildConfigurationList = 6D387C402771A48500FA5356 /* Build configuration list for PBXNativeTarget "SpotifyUITests" */;
			buildPhases = (
				6D387C2C2771A48500FA5356 /* Sources */,
				6D387C2D2771A48500FA5356 /* Frameworks */,
				6D387C2E2771A48500FA5356 /* Resources */,
			);
			buildRules = (
			);
			dependencies = (
				6D387C322771A48500FA5356 /* PBXTargetDependency */,
			);
			name = SpotifyUITests;
			productName = SpotifyUITests;
			productReference = 6D387C302771A48500FA5356 /* SpotifyUITests.xctest */;
			productType = "com.apple.product-type.bundle.ui-testing";
		};
/* End PBXNativeTarget section */

/* Begin PBXProject section */
		6D387C082771A48400FA5356 /* Project object */ = {
			isa = PBXProject;
			attributes = {
				BuildIndependentTargetsInParallel = 1;
				LastSwiftUpdateCheck = 1320;
				LastUpgradeCheck = 1320;
				TargetAttributes = {
					6D387C0F2771A48400FA5356 = {
						CreatedOnToolsVersion = 13.2.1;
					};
					6D387C252771A48500FA5356 = {
						CreatedOnToolsVersion = 13.2.1;
						TestTargetID = 6D387C0F2771A48400FA5356;
					};
					6D387C2F2771A48500FA5356 = {
						CreatedOnToolsVersion = 13.2.1;
						TestTargetID = 6D387C0F2771A48400FA5356;
					};
				};
			};
			buildConfigurationList = 6D387C0B2771A48400FA5356 /* Build configuration list for PBXProject "Spotify" */;
			compatibilityVersion = "Xcode 13.0";
			developmentRegion = en;
			hasScannedForEncodings = 0;
			knownRegions = (
				en,
				Base,
			);
			mainGroup = 6D387C072771A48400FA5356;
			productRefGroup = 6D387C112771A48400FA5356 /* Products */;
			projectDirPath = "";
			projectRoot = "";
			targets = (
				6D387C0F2771A48400FA5356 /* Spotify */,
				6D387C252771A48500FA5356 /* SpotifyTests */,
				6D387C2F2771A48500FA5356 /* SpotifyUITests */,
			);
		};
/* End PBXProject section */

/* Begin PBXResourcesBuildPhase section */
		6D387C0E2771A48400FA5356 /* Resources */ = {
			isa = PBXResourcesBuildPhase;
			buildActionMask = 2147483647;
			files = (
				6D387C202771A48500FA5356 /* LaunchScreen.storyboard in Resources */,
				6D387C1D2771A48500FA5356 /* Assets.xcassets in Resources */,
			);
			runOnlyForDeploymentPostprocessing = 0;
		};
		6D387C242771A48500FA5356 /* Resources */ = {
			isa = PBXResourcesBuildPhase;
			buildActionMask = 2147483647;
			files = (
			);
			runOnlyForDeploymentPostprocessing = 0;
		};
		6D387C2E2771A48500FA5356 /* Resources */ = {
			isa = PBXResourcesBuildPhase;
			buildActionMask = 2147483647;
			files = (
			);
			runOnlyForDeploymentPostprocessing = 0;
		};
/* End PBXResourcesBuildPhase section */

/* Begin PBXSourcesBuildPhase section */
		6D387C0C2771A48400FA5356 /* Sources */ = {
			isa = PBXSourcesBuildPhase;
			buildActionMask = 2147483647;
			files = (
				6D387C4C2771A70B00FA5356 /* SearchViewController.swift in Sources */,
				6D387C662771A82900FA5356 /* Playlist.swift in Sources */,
				6D387C602771A7E600FA5356 /* AuthManager.swift in Sources */,
				6D387C5E2771A7BA00FA5356 /* SearchResultsViewController.swift in Sources */,
				6D387C542771A76500FA5356 /* WelcomeViewController.swift in Sources */,
				6D387C582771A78D00FA5356 /* ProfileViewController.swift in Sources */,
				6D387C4A2771A6B000FA5356 /* TabBarViewController.swift in Sources */,
				6D387C182771A48400FA5356 /* HomeViewController.swift in Sources */,
				6D387C682771A83D00FA5356 /* AudioTrack.swift in Sources */,
				6D387C522771A75600FA5356 /* AuthViewController.swift in Sources */,
				6D387C142771A48400FA5356 /* AppDelegate.swift in Sources */,
				6D387C4E2771A73100FA5356 /* LibraryViewController.swift in Sources */,
				6D387C6C2771A85C00FA5356 /* UserProfile.swift in Sources */,
				6D387C5C2771A7AB00FA5356 /* PlaylistViewController.swift in Sources */,
				6D387C6A2771A84C00FA5356 /* Artist.swift in Sources */,
				6D387C642771A80B00FA5356 /* HaptictsManager.swift in Sources */,
				6D387C162771A48400FA5356 /* SceneDelegate.swift in Sources */,
				6D387C622771A80100FA5356 /* APIManager.swift in Sources */,
				6D387C5A2771A79B00FA5356 /* PlayerViewController.swift in Sources */,
				6D387C562771A77800FA5356 /* SettingsViewController.swift in Sources */,
			);
			runOnlyForDeploymentPostprocessing = 0;
		};
		6D387C222771A48500FA5356 /* Sources */ = {
			isa = PBXSourcesBuildPhase;
			buildActionMask = 2147483647;
			files = (
				6D387C2B2771A48500FA5356 /* SpotifyTests.swift in Sources */,
			);
			runOnlyForDeploymentPostprocessing = 0;
		};
		6D387C2C2771A48500FA5356 /* Sources */ = {
			isa = PBXSourcesBuildPhase;
			buildActionMask = 2147483647;
			files = (
				6D387C352771A48500FA5356 /* SpotifyUITests.swift in Sources */,
				6D387C372771A48500FA5356 /* SpotifyUITestsLaunchTests.swift in Sources */,
			);
			runOnlyForDeploymentPostprocessing = 0;
		};
/* End PBXSourcesBuildPhase section */

/* Begin PBXTargetDependency section */
		6D387C282771A48500FA5356 /* PBXTargetDependency */ = {
			isa = PBXTargetDependency;
			target = 6D387C0F2771A48400FA5356 /* Spotify */;
			targetProxy = 6D387C272771A48500FA5356 /* PBXContainerItemProxy */;
		};
		6D387C322771A48500FA5356 /* PBXTargetDependency */ = {
			isa = PBXTargetDependency;
			target = 6D387C0F2771A48400FA5356 /* Spotify */;
			targetProxy = 6D387C312771A48500FA5356 /* PBXContainerItemProxy */;
		};
/* End PBXTargetDependency section */

/* Begin PBXVariantGroup section */
		6D387C1E2771A48500FA5356 /* LaunchScreen.storyboard */ = {
			isa = PBXVariantGroup;
			children = (
				6D387C1F2771A48500FA5356 /* Base */,
			);
			name = LaunchScreen.storyboard;
			sourceTree = "<group>";
		};
/* End PBXVariantGroup section */

/* Begin XCBuildConfiguration section */
		6D387C382771A48500FA5356 /* Debug */ = {
			isa = XCBuildConfiguration;
			buildSettings = {
				ALWAYS_SEARCH_USER_PATHS = NO;
				CLANG_ANALYZER_NONNULL = YES;
				CLANG_ANALYZER_NUMBER_OBJECT_CONVERSION = YES_AGGRESSIVE;
				CLANG_CXX_LANGUAGE_STANDARD = "gnu++17";
				CLANG_CXX_LIBRARY = "libc++";
				CLANG_ENABLE_MODULES = YES;
				CLANG_ENABLE_OBJC_ARC = YES;
				CLANG_ENABLE_OBJC_WEAK = YES;
				CLANG_WARN_BLOCK_CAPTURE_AUTORELEASING = YES;
				CLANG_WARN_BOOL_CONVERSION = YES;
				CLANG_WARN_COMMA = YES;
				CLANG_WARN_CONSTANT_CONVERSION = YES;
				CLANG_WARN_DEPRECATED_OBJC_IMPLEMENTATIONS = YES;
				CLANG_WARN_DIRECT_OBJC_ISA_USAGE = YES_ERROR;
				CLANG_WARN_DOCUMENTATION_COMMENTS = YES;
				CLANG_WARN_EMPTY_BODY = YES;
				CLANG_WARN_ENUM_CONVERSION = YES;
				CLANG_WARN_INFINITE_RECURSION = YES;
				CLANG_WARN_INT_CONVERSION = YES;
				CLANG_WARN_NON_LITERAL_NULL_CONVERSION = YES;
				CLANG_WARN_OBJC_IMPLICIT_RETAIN_SELF = YES;
				CLANG_WARN_OBJC_LITERAL_CONVERSION = YES;
				CLANG_WARN_OBJC_ROOT_CLASS = YES_ERROR;
				CLANG_WARN_QUOTED_INCLUDE_IN_FRAMEWORK_HEADER = YES;
				CLANG_WARN_RANGE_LOOP_ANALYSIS = YES;
				CLANG_WARN_STRICT_PROTOTYPES = YES;
				CLANG_WARN_SUSPICIOUS_MOVE = YES;
				CLANG_WARN_UNGUARDED_AVAILABILITY = YES_AGGRESSIVE;
				CLANG_WARN_UNREACHABLE_CODE = YES;
				CLANG_WARN__DUPLICATE_METHOD_MATCH = YES;
				COPY_PHASE_STRIP = NO;
				DEBUG_INFORMATION_FORMAT = dwarf;
				ENABLE_STRICT_OBJC_MSGSEND = YES;
				ENABLE_TESTABILITY = YES;
				GCC_C_LANGUAGE_STANDARD = gnu11;
				GCC_DYNAMIC_NO_PIC = NO;
				GCC_NO_COMMON_BLOCKS = YES;
				GCC_OPTIMIZATION_LEVEL = 0;
				GCC_PREPROCESSOR_DEFINITIONS = (
					"DEBUG=1",
					"$(inherited)",
				);
				GCC_WARN_64_TO_32_BIT_CONVERSION = YES;
				GCC_WARN_ABOUT_RETURN_TYPE = YES_ERROR;
				GCC_WARN_UNDECLARED_SELECTOR = YES;
				GCC_WARN_UNINITIALIZED_AUTOS = YES_AGGRESSIVE;
				GCC_WARN_UNUSED_FUNCTION = YES;
				GCC_WARN_UNUSED_VARIABLE = YES;
				IPHONEOS_DEPLOYMENT_TARGET = 15.2;
				MTL_ENABLE_DEBUG_INFO = INCLUDE_SOURCE;
				MTL_FAST_MATH = YES;
				ONLY_ACTIVE_ARCH = YES;
				SDKROOT = iphoneos;
				SWIFT_ACTIVE_COMPILATION_CONDITIONS = DEBUG;
				SWIFT_OPTIMIZATION_LEVEL = "-Onone";
			};
			name = Debug;
		};
		6D387C392771A48500FA5356 /* Release */ = {
			isa = XCBuildConfiguration;
			buildSettings = {
				ALWAYS_SEARCH_USER_PATHS = NO;
				CLANG_ANALYZER_NONNULL = YES;
				CLANG_ANALYZER_NUMBER_OBJECT_CONVERSION = YES_AGGRESSIVE;
				CLANG_CXX_LANGUAGE_STANDARD = "gnu++17";
				CLANG_CXX_LIBRARY = "libc++";
				CLANG_ENABLE_MODULES = YES;
				CLANG_ENABLE_OBJC_ARC = YES;
				CLANG_ENABLE_OBJC_WEAK = YES;
				CLANG_WARN_BLOCK_CAPTURE_AUTORELEASING = YES;
				CLANG_WARN_BOOL_CONVERSION = YES;
				CLANG_WARN_COMMA = YES;
				CLANG_WARN_CONSTANT_CONVERSION = YES;
				CLANG_WARN_DEPRECATED_OBJC_IMPLEMENTATIONS = YES;
				CLANG_WARN_DIRECT_OBJC_ISA_USAGE = YES_ERROR;
				CLANG_WARN_DOCUMENTATION_COMMENTS = YES;
				CLANG_WARN_EMPTY_BODY = YES;
				CLANG_WARN_ENUM_CONVERSION = YES;
				CLANG_WARN_INFINITE_RECURSION = YES;
				CLANG_WARN_INT_CONVERSION = YES;
				CLANG_WARN_NON_LITERAL_NULL_CONVERSION = YES;
				CLANG_WARN_OBJC_IMPLICIT_RETAIN_SELF = YES;
				CLANG_WARN_OBJC_LITERAL_CONVERSION = YES;
				CLANG_WARN_OBJC_ROOT_CLASS = YES_ERROR;
				CLANG_WARN_QUOTED_INCLUDE_IN_FRAMEWORK_HEADER = YES;
				CLANG_WARN_RANGE_LOOP_ANALYSIS = YES;
				CLANG_WARN_STRICT_PROTOTYPES = YES;
				CLANG_WARN_SUSPICIOUS_MOVE = YES;
				CLANG_WARN_UNGUARDED_AVAILABILITY = YES_AGGRESSIVE;
				CLANG_WARN_UNREACHABLE_CODE = YES;
				CLANG_WARN__DUPLICATE_METHOD_MATCH = YES;
				COPY_PHASE_STRIP = NO;
				DEBUG_INFORMATION_FORMAT = "dwarf-with-dsym";
				ENABLE_NS_ASSERTIONS = NO;
				ENABLE_STRICT_OBJC_MSGSEND = YES;
				GCC_C_LANGUAGE_STANDARD = gnu11;
				GCC_NO_COMMON_BLOCKS = YES;
				GCC_WARN_64_TO_32_BIT_CONVERSION = YES;
				GCC_WARN_ABOUT_RETURN_TYPE = YES_ERROR;
				GCC_WARN_UNDECLARED_SELECTOR = YES;
				GCC_WARN_UNINITIALIZED_AUTOS = YES_AGGRESSIVE;
				GCC_WARN_UNUSED_FUNCTION = YES;
				GCC_WARN_UNUSED_VARIABLE = YES;
				IPHONEOS_DEPLOYMENT_TARGET = 15.2;
				MTL_ENABLE_DEBUG_INFO = NO;
				MTL_FAST_MATH = YES;
				SDKROOT = iphoneos;
				SWIFT_COMPILATION_MODE = wholemodule;
				SWIFT_OPTIMIZATION_LEVEL = "-O";
				VALIDATE_PRODUCT = YES;
			};
			name = Release;
		};
		6D387C3B2771A48500FA5356 /* Debug */ = {
			isa = XCBuildConfiguration;
			buildSettings = {
				ASSETCATALOG_COMPILER_APPICON_NAME = AppIcon;
				ASSETCATALOG_COMPILER_GLOBAL_ACCENT_COLOR_NAME = AccentColor;
				CODE_SIGN_STYLE = Automatic;
				CURRENT_PROJECT_VERSION = 1;
				DEVELOPMENT_TEAM = S7H39LL58W;
				GENERATE_INFOPLIST_FILE = YES;
				INFOPLIST_FILE = Spotify/Info.plist;
				INFOPLIST_KEY_UIApplicationSupportsIndirectInputEvents = YES;
				INFOPLIST_KEY_UILaunchStoryboardName = LaunchScreen;
				INFOPLIST_KEY_UISupportedInterfaceOrientations_iPad = "UIInterfaceOrientationPortrait UIInterfaceOrientationPortraitUpsideDown UIInterfaceOrientationLandscapeLeft UIInterfaceOrientationLandscapeRight";
				INFOPLIST_KEY_UISupportedInterfaceOrientations_iPhone = "UIInterfaceOrientationPortrait UIInterfaceOrientationLandscapeLeft UIInterfaceOrientationLandscapeRight";
				LD_RUNPATH_SEARCH_PATHS = (
					"$(inherited)",
					"@executable_path/Frameworks",
				);
				MARKETING_VERSION = 1.0;
				PRODUCT_BUNDLE_IDENTIFIER = com.007arenko.Spotify;
				PRODUCT_NAME = "$(TARGET_NAME)";
				SWIFT_EMIT_LOC_STRINGS = YES;
				SWIFT_VERSION = 5.0;
				TARGETED_DEVICE_FAMILY = "1,2";
			};
			name = Debug;
		};
		6D387C3C2771A48500FA5356 /* Release */ = {
			isa = XCBuildConfiguration;
			buildSettings = {
				ASSETCATALOG_COMPILER_APPICON_NAME = AppIcon;
				ASSETCATALOG_COMPILER_GLOBAL_ACCENT_COLOR_NAME = AccentColor;
				CODE_SIGN_STYLE = Automatic;
				CURRENT_PROJECT_VERSION = 1;
				DEVELOPMENT_TEAM = S7H39LL58W;
				GENERATE_INFOPLIST_FILE = YES;
				INFOPLIST_FILE = Spotify/Info.plist;
				INFOPLIST_KEY_UIApplicationSupportsIndirectInputEvents = YES;
				INFOPLIST_KEY_UILaunchStoryboardName = LaunchScreen;
				INFOPLIST_KEY_UISupportedInterfaceOrientations_iPad = "UIInterfaceOrientationPortrait UIInterfaceOrientationPortraitUpsideDown UIInterfaceOrientationLandscapeLeft UIInterfaceOrientationLandscapeRight";
				INFOPLIST_KEY_UISupportedInterfaceOrientations_iPhone = "UIInterfaceOrientationPortrait UIInterfaceOrientationLandscapeLeft UIInterfaceOrientationLandscapeRight";
				LD_RUNPATH_SEARCH_PATHS = (
					"$(inherited)",
					"@executable_path/Frameworks",
				);
				MARKETING_VERSION = 1.0;
				PRODUCT_BUNDLE_IDENTIFIER = com.007arenko.Spotify;
				PRODUCT_NAME = "$(TARGET_NAME)";
				SWIFT_EMIT_LOC_STRINGS = YES;
				SWIFT_VERSION = 5.0;
				TARGETED_DEVICE_FAMILY = "1,2";
			};
			name = Release;
		};
		6D387C3E2771A48500FA5356 /* Debug */ = {
			isa = XCBuildConfiguration;
			buildSettings = {
				ALWAYS_EMBED_SWIFT_STANDARD_LIBRARIES = YES;
				BUNDLE_LOADER = "$(TEST_HOST)";
				CODE_SIGN_STYLE = Automatic;
				CURRENT_PROJECT_VERSION = 1;
				DEVELOPMENT_TEAM = S7H39LL58W;
				GENERATE_INFOPLIST_FILE = YES;
				IPHONEOS_DEPLOYMENT_TARGET = 15.2;
				MARKETING_VERSION = 1.0;
				PRODUCT_BUNDLE_IDENTIFIER = com.007arenko.SpotifyTests;
				PRODUCT_NAME = "$(TARGET_NAME)";
				SWIFT_EMIT_LOC_STRINGS = NO;
				SWIFT_VERSION = 5.0;
				TARGETED_DEVICE_FAMILY = "1,2";
				TEST_HOST = "$(BUILT_PRODUCTS_DIR)/Spotify.app/Spotify";
			};
			name = Debug;
		};
		6D387C3F2771A48500FA5356 /* Release */ = {
			isa = XCBuildConfiguration;
			buildSettings = {
				ALWAYS_EMBED_SWIFT_STANDARD_LIBRARIES = YES;
				BUNDLE_LOADER = "$(TEST_HOST)";
				CODE_SIGN_STYLE = Automatic;
				CURRENT_PROJECT_VERSION = 1;
				DEVELOPMENT_TEAM = S7H39LL58W;
				GENERATE_INFOPLIST_FILE = YES;
				IPHONEOS_DEPLOYMENT_TARGET = 15.2;
				MARKETING_VERSION = 1.0;
				PRODUCT_BUNDLE_IDENTIFIER = com.007arenko.SpotifyTests;
				PRODUCT_NAME = "$(TARGET_NAME)";
				SWIFT_EMIT_LOC_STRINGS = NO;
				SWIFT_VERSION = 5.0;
				TARGETED_DEVICE_FAMILY = "1,2";
				TEST_HOST = "$(BUILT_PRODUCTS_DIR)/Spotify.app/Spotify";
			};
			name = Release;
		};
		6D387C412771A48500FA5356 /* Debug */ = {
			isa = XCBuildConfiguration;
			buildSettings = {
				ALWAYS_EMBED_SWIFT_STANDARD_LIBRARIES = YES;
				CODE_SIGN_STYLE = Automatic;
				CURRENT_PROJECT_VERSION = 1;
				DEVELOPMENT_TEAM = S7H39LL58W;
				GENERATE_INFOPLIST_FILE = YES;
				MARKETING_VERSION = 1.0;
				PRODUCT_BUNDLE_IDENTIFIER = com.007arenko.SpotifyUITests;
				PRODUCT_NAME = "$(TARGET_NAME)";
				SWIFT_EMIT_LOC_STRINGS = NO;
				SWIFT_VERSION = 5.0;
				TARGETED_DEVICE_FAMILY = "1,2";
				TEST_TARGET_NAME = Spotify;
			};
			name = Debug;
		};
		6D387C422771A48500FA5356 /* Release */ = {
			isa = XCBuildConfiguration;
			buildSettings = {
				ALWAYS_EMBED_SWIFT_STANDARD_LIBRARIES = YES;
				CODE_SIGN_STYLE = Automatic;
				CURRENT_PROJECT_VERSION = 1;
				DEVELOPMENT_TEAM = S7H39LL58W;
				GENERATE_INFOPLIST_FILE = YES;
				MARKETING_VERSION = 1.0;
				PRODUCT_BUNDLE_IDENTIFIER = com.007arenko.SpotifyUITests;
				PRODUCT_NAME = "$(TARGET_NAME)";
				SWIFT_EMIT_LOC_STRINGS = NO;
				SWIFT_VERSION = 5.0;
				TARGETED_DEVICE_FAMILY = "1,2";
				TEST_TARGET_NAME = Spotify;
			};
			name = Release;
		};
/* End XCBuildConfiguration section */

/* Begin XCConfigurationList section */
		6D387C0B2771A48400FA5356 /* Build configuration list for PBXProject "Spotify" */ = {
			isa = XCConfigurationList;
			buildConfigurations = (
				6D387C382771A48500FA5356 /* Debug */,
				6D387C392771A48500FA5356 /* Release */,
			);
			defaultConfigurationIsVisible = 0;
			defaultConfigurationName = Release;
		};
		6D387C3A2771A48500FA5356 /* Build configuration list for PBXNativeTarget "Spotify" */ = {
			isa = XCConfigurationList;
			buildConfigurations = (
				6D387C3B2771A48500FA5356 /* Debug */,
				6D387C3C2771A48500FA5356 /* Release */,
			);
			defaultConfigurationIsVisible = 0;
			defaultConfigurationName = Release;
		};
		6D387C3D2771A48500FA5356 /* Build configuration list for PBXNativeTarget "SpotifyTests" */ = {
			isa = XCConfigurationList;
			buildConfigurations = (
				6D387C3E2771A48500FA5356 /* Debug */,
				6D387C3F2771A48500FA5356 /* Release */,
			);
			defaultConfigurationIsVisible = 0;
			defaultConfigurationName = Release;
		};
		6D387C402771A48500FA5356 /* Build configuration list for PBXNativeTarget "SpotifyUITests" */ = {
			isa = XCConfigurationList;
			buildConfigurations = (
				6D387C412771A48500FA5356 /* Debug */,
				6D387C422771A48500FA5356 /* Release */,
			);
			defaultConfigurationIsVisible = 0;
			defaultConfigurationName = Release;
		};
/* End XCConfigurationList section */
	};
	rootObject = 6D387C082771A48400FA5356 /* Project object */;
}
